
Microsoft Visual Studio Solution File, Format Version 12.00
# Visual Studio Version 16
VisualStudioVersion = 16.0.31019.35
MinimumVisualStudioVersion = 10.0.40219.1
Project("{9A19103F-16F7-4668-BE54-9A1E7A4F7556}") = "eToroApiScraper", "eToroApiScraper\eToroApiScraper.csproj", "{44F29F33-1579-4113-AC7D-F726E62A1D52}"
EndProject
Project("{9A19103F-16F7-4668-BE54-9A1E7A4F7556}") = "eToroApiScraperTests", "eToroApiScraperTests\eToroApiScraperTests.csproj", "{166AA2CA-FFEF-4CDF-BA68-8F1C0490D554}"
EndProject
Global
	GlobalSection(SolutionConfigurationPlatforms) = preSolution
		Debug|Any CPU = Debug|Any CPU
		Release|Any CPU = Release|Any CPU
	EndGlobalSection
	GlobalSection(ProjectConfigurationPlatforms) = postSolution
		{44F29F33-1579-4113-AC7D-F726E62A1D52}.Debug|Any CPU.ActiveCfg = Debug|Any CPU
		{44F29F33-1579-4113-AC7D-F726E62A1D52}.Debug|Any CPU.Build.0 = Debug|Any CPU
		{44F29F33-1579-4113-AC7D-F726E62A1D52}.Release|Any CPU.ActiveCfg = Release|Any CPU
		{44F29F33-1579-4113-AC7D-F726E62A1D52}.Release|Any CPU.Build.0 = Release|Any CPU
		{166AA2CA-FFEF-4CDF-BA68-8F1C0490D554}.Debug|Any CPU.ActiveCfg = Debug|Any CPU
		{166AA2CA-FFEF-4CDF-BA68-8F1C0490D554}.Debug|Any CPU.Build.0 = Debug|Any CPU
		{166AA2CA-FFEF-4CDF-BA68-8F1C0490D554}.Release|Any CPU.ActiveCfg = Release|Any CPU
		{166AA2CA-FFEF-4CDF-BA68-8F1C0490D554}.Release|Any CPU.Build.0 = Release|Any CPU
	EndGlobalSection
	GlobalSection(SolutionProperties) = preSolution
		HideSolutionNode = FALSE
	EndGlobalSection
	GlobalSection(ExtensibilityGlobals) = postSolution
		SolutionGuid = {76B1822C-3708-4736-B486-2724A4A60611}
	EndGlobalSection
EndGlobal
